
Microsoft Visual Studio Solution File, Format Version 12.00
# Visual Studio 14
VisualStudioVersion = 14.0.25420.1
MinimumVisualStudioVersion = 10.0.40219.1
Project("{FAE04EC0-301F-11D3-BF4B-00C04F79EFBC}") = "TDD", "TDD\TDD.csproj", "{2C6F623E-22B0-4B1A-B402-98F6BAC1D8AF}"
EndProject
Project("{FAE04EC0-301F-11D3-BF4B-00C04F79EFBC}") = "TDD.Tests", "TDD.Tests\TDD.Tests.csproj", "{AC7AE6DC-0BBE-4EAB-93FD-FCA2F7B2ADB6}"
EndProject
Global
	GlobalSection(SolutionConfigurationPlatforms) = preSolution
		Debug|Any CPU = Debug|Any CPU
		Release|Any CPU = Release|Any CPU
	EndGlobalSection
	GlobalSection(ProjectConfigurationPlatforms) = postSolution
		{2C6F623E-22B0-4B1A-B402-98F6BAC1D8AF}.Debug|Any CPU.ActiveCfg = Debug|Any CPU
		{2C6F623E-22B0-4B1A-B402-98F6BAC1D8AF}.Debug|Any CPU.Build.0 = Debug|Any CPU
		{2C6F623E-22B0-4B1A-B402-98F6BAC1D8AF}.Release|Any CPU.ActiveCfg = Release|Any CPU
		{2C6F623E-22B0-4B1A-B402-98F6BAC1D8AF}.Release|Any CPU.Build.0 = Release|Any CPU
		{AC7AE6DC-0BBE-4EAB-93FD-FCA2F7B2ADB6}.Debug|Any CPU.ActiveCfg = Debug|Any CPU
		{AC7AE6DC-0BBE-4EAB-93FD-FCA2F7B2ADB6}.Debug|Any CPU.Build.0 = Debug|Any CPU
		{AC7AE6DC-0BBE-4EAB-93FD-FCA2F7B2ADB6}.Release|Any CPU.ActiveCfg = Release|Any CPU
		{AC7AE6DC-0BBE-4EAB-93FD-FCA2F7B2ADB6}.Release|Any CPU.Build.0 = Release|Any CPU
	EndGlobalSection
	GlobalSection(SolutionProperties) = preSolution
		HideSolutionNode = FALSE
	EndGlobalSection
EndGlobal
