
Microsoft Visual Studio Solution File, Format Version 12.00
# Visual Studio 14
VisualStudioVersion = 14.0.25420.1
MinimumVisualStudioVersion = 10.0.40219.1
Project("{FAE04EC0-301F-11D3-BF4B-00C04F79EFBC}") = "0203SerializarXMLBiblioteca", "0203SerializarXMLBiblioteca\0203SerializarXMLBiblioteca.csproj", "{0B6F0281-EF8B-4F29-BA3B-D5DF63952E33}"
EndProject
Project("{FAE04EC0-301F-11D3-BF4B-00C04F79EFBC}") = "0203SerializarXML", "0203SerializarXML\0203SerializarXML.csproj", "{E6898245-BEFE-4E0A-8C1F-2E4331E663F1}"
EndProject
Project("{FAE04EC0-301F-11D3-BF4B-00C04F79EFBC}") = "0205SerializarJson", "0205SerializarJson\0205SerializarJson.csproj", "{C1D70BF7-40E9-4ECF-8345-44AD7E2D410F}"
EndProject
Project("{FAE04EC0-301F-11D3-BF4B-00C04F79EFBC}") = "0308Generics", "0308Generics\0308Generics.csproj", "{72EA63F8-57EB-41A1-91D7-5D8A5907F564}"
EndProject
Project("{FAE04EC0-301F-11D3-BF4B-00C04F79EFBC}") = "0415LINQ", "0415LINQ\0415LINQ.csproj", "{5C7A7A39-4B97-45AD-9B80-F43BBA47EF51}"
EndProject
Project("{FAE04EC0-301F-11D3-BF4B-00C04F79EFBC}") = "0522Delegate", "0522Delegate\0522Delegate.csproj", "{263FA381-70FD-40E7-9DF6-505461229F86}"
EndProject
Project("{FAE04EC0-301F-11D3-BF4B-00C04F79EFBC}") = "0525Evento", "0525Evento\0525Evento.csproj", "{76086DF8-3A47-4894-8582-9DB4E92622F1}"
EndProject
Project("{FAE04EC0-301F-11D3-BF4B-00C04F79EFBC}") = "0634Thread", "0634Thread\0634Thread.csproj", "{7C178E55-16C1-4C09-A2F6-C64594A3AD0C}"
EndProject
Project("{FAE04EC0-301F-11D3-BF4B-00C04F79EFBC}") = "0640Thread", "0640Thread\0640Thread.csproj", "{A142B7C1-5324-4EA4-B968-C2BA4B687B94}"
EndProject
Project("{FAE04EC0-301F-11D3-BF4B-00C04F79EFBC}") = "0742Tasks", "0742Tasks\0742Tasks.csproj", "{B79E4F12-9F24-48F2-BEFA-CC4FB4636FF8}"
EndProject
Project("{FAE04EC0-301F-11D3-BF4B-00C04F79EFBC}") = "0744MultiplasTasks", "0744MultiplasTasks\0744MultiplasTasks.csproj", "{35A6693F-7204-4935-A212-78E7DB676064}"
EndProject
Project("{FAE04EC0-301F-11D3-BF4B-00C04F79EFBC}") = "0846Atributos", "0846Atributos\0846Atributos.csproj", "{EB785B02-A1B2-4F36-946E-8E73A279D16B}"
EndProject
Project("{FAE04EC0-301F-11D3-BF4B-00C04F79EFBC}") = "0847Validacao", "0847Validacao\0847Validacao.csproj", "{0488E458-2654-49D0-B14E-0AE4F26F4CE7}"
EndProject
Project("{FAE04EC0-301F-11D3-BF4B-00C04F79EFBC}") = "0849Reflection", "0849Reflection\0849Reflection.csproj", "{43E5F902-CED4-48AA-B795-362E3C0C06A4}"
EndProject
Global
	GlobalSection(SolutionConfigurationPlatforms) = preSolution
		Debug|Any CPU = Debug|Any CPU
		Release|Any CPU = Release|Any CPU
	EndGlobalSection
	GlobalSection(ProjectConfigurationPlatforms) = postSolution
		{0B6F0281-EF8B-4F29-BA3B-D5DF63952E33}.Debug|Any CPU.ActiveCfg = Debug|Any CPU
		{0B6F0281-EF8B-4F29-BA3B-D5DF63952E33}.Debug|Any CPU.Build.0 = Debug|Any CPU
		{0B6F0281-EF8B-4F29-BA3B-D5DF63952E33}.Release|Any CPU.ActiveCfg = Release|Any CPU
		{0B6F0281-EF8B-4F29-BA3B-D5DF63952E33}.Release|Any CPU.Build.0 = Release|Any CPU
		{E6898245-BEFE-4E0A-8C1F-2E4331E663F1}.Debug|Any CPU.ActiveCfg = Debug|Any CPU
		{E6898245-BEFE-4E0A-8C1F-2E4331E663F1}.Debug|Any CPU.Build.0 = Debug|Any CPU
		{E6898245-BEFE-4E0A-8C1F-2E4331E663F1}.Release|Any CPU.ActiveCfg = Release|Any CPU
		{E6898245-BEFE-4E0A-8C1F-2E4331E663F1}.Release|Any CPU.Build.0 = Release|Any CPU
		{C1D70BF7-40E9-4ECF-8345-44AD7E2D410F}.Debug|Any CPU.ActiveCfg = Debug|Any CPU
		{C1D70BF7-40E9-4ECF-8345-44AD7E2D410F}.Debug|Any CPU.Build.0 = Debug|Any CPU
		{C1D70BF7-40E9-4ECF-8345-44AD7E2D410F}.Release|Any CPU.ActiveCfg = Release|Any CPU
		{C1D70BF7-40E9-4ECF-8345-44AD7E2D410F}.Release|Any CPU.Build.0 = Release|Any CPU
		{72EA63F8-57EB-41A1-91D7-5D8A5907F564}.Debug|Any CPU.ActiveCfg = Debug|Any CPU
		{72EA63F8-57EB-41A1-91D7-5D8A5907F564}.Debug|Any CPU.Build.0 = Debug|Any CPU
		{72EA63F8-57EB-41A1-91D7-5D8A5907F564}.Release|Any CPU.ActiveCfg = Release|Any CPU
		{72EA63F8-57EB-41A1-91D7-5D8A5907F564}.Release|Any CPU.Build.0 = Release|Any CPU
		{5C7A7A39-4B97-45AD-9B80-F43BBA47EF51}.Debug|Any CPU.ActiveCfg = Debug|Any CPU
		{5C7A7A39-4B97-45AD-9B80-F43BBA47EF51}.Debug|Any CPU.Build.0 = Debug|Any CPU
		{5C7A7A39-4B97-45AD-9B80-F43BBA47EF51}.Release|Any CPU.ActiveCfg = Release|Any CPU
		{5C7A7A39-4B97-45AD-9B80-F43BBA47EF51}.Release|Any CPU.Build.0 = Release|Any CPU
		{263FA381-70FD-40E7-9DF6-505461229F86}.Debug|Any CPU.ActiveCfg = Debug|Any CPU
		{263FA381-70FD-40E7-9DF6-505461229F86}.Debug|Any CPU.Build.0 = Debug|Any CPU
		{263FA381-70FD-40E7-9DF6-505461229F86}.Release|Any CPU.ActiveCfg = Release|Any CPU
		{263FA381-70FD-40E7-9DF6-505461229F86}.Release|Any CPU.Build.0 = Release|Any CPU
		{76086DF8-3A47-4894-8582-9DB4E92622F1}.Debug|Any CPU.ActiveCfg = Debug|Any CPU
		{76086DF8-3A47-4894-8582-9DB4E92622F1}.Debug|Any CPU.Build.0 = Debug|Any CPU
		{76086DF8-3A47-4894-8582-9DB4E92622F1}.Release|Any CPU.ActiveCfg = Release|Any CPU
		{76086DF8-3A47-4894-8582-9DB4E92622F1}.Release|Any CPU.Build.0 = Release|Any CPU
		{7C178E55-16C1-4C09-A2F6-C64594A3AD0C}.Debug|Any CPU.ActiveCfg = Debug|Any CPU
		{7C178E55-16C1-4C09-A2F6-C64594A3AD0C}.Debug|Any CPU.Build.0 = Debug|Any CPU
		{7C178E55-16C1-4C09-A2F6-C64594A3AD0C}.Release|Any CPU.ActiveCfg = Release|Any CPU
		{7C178E55-16C1-4C09-A2F6-C64594A3AD0C}.Release|Any CPU.Build.0 = Release|Any CPU
		{A142B7C1-5324-4EA4-B968-C2BA4B687B94}.Debug|Any CPU.ActiveCfg = Debug|Any CPU
		{A142B7C1-5324-4EA4-B968-C2BA4B687B94}.Debug|Any CPU.Build.0 = Debug|Any CPU
		{A142B7C1-5324-4EA4-B968-C2BA4B687B94}.Release|Any CPU.ActiveCfg = Release|Any CPU
		{A142B7C1-5324-4EA4-B968-C2BA4B687B94}.Release|Any CPU.Build.0 = Release|Any CPU
		{B79E4F12-9F24-48F2-BEFA-CC4FB4636FF8}.Debug|Any CPU.ActiveCfg = Debug|Any CPU
		{B79E4F12-9F24-48F2-BEFA-CC4FB4636FF8}.Debug|Any CPU.Build.0 = Debug|Any CPU
		{B79E4F12-9F24-48F2-BEFA-CC4FB4636FF8}.Release|Any CPU.ActiveCfg = Release|Any CPU
		{B79E4F12-9F24-48F2-BEFA-CC4FB4636FF8}.Release|Any CPU.Build.0 = Release|Any CPU
		{35A6693F-7204-4935-A212-78E7DB676064}.Debug|Any CPU.ActiveCfg = Debug|Any CPU
		{35A6693F-7204-4935-A212-78E7DB676064}.Debug|Any CPU.Build.0 = Debug|Any CPU
		{35A6693F-7204-4935-A212-78E7DB676064}.Release|Any CPU.ActiveCfg = Release|Any CPU
		{35A6693F-7204-4935-A212-78E7DB676064}.Release|Any CPU.Build.0 = Release|Any CPU
		{EB785B02-A1B2-4F36-946E-8E73A279D16B}.Debug|Any CPU.ActiveCfg = Debug|Any CPU
		{EB785B02-A1B2-4F36-946E-8E73A279D16B}.Debug|Any CPU.Build.0 = Debug|Any CPU
		{EB785B02-A1B2-4F36-946E-8E73A279D16B}.Release|Any CPU.ActiveCfg = Release|Any CPU
		{EB785B02-A1B2-4F36-946E-8E73A279D16B}.Release|Any CPU.Build.0 = Release|Any CPU
		{0488E458-2654-49D0-B14E-0AE4F26F4CE7}.Debug|Any CPU.ActiveCfg = Debug|Any CPU
		{0488E458-2654-49D0-B14E-0AE4F26F4CE7}.Debug|Any CPU.Build.0 = Debug|Any CPU
		{0488E458-2654-49D0-B14E-0AE4F26F4CE7}.Release|Any CPU.ActiveCfg = Release|Any CPU
		{0488E458-2654-49D0-B14E-0AE4F26F4CE7}.Release|Any CPU.Build.0 = Release|Any CPU
		{43E5F902-CED4-48AA-B795-362E3C0C06A4}.Debug|Any CPU.ActiveCfg = Debug|Any CPU
		{43E5F902-CED4-48AA-B795-362E3C0C06A4}.Debug|Any CPU.Build.0 = Debug|Any CPU
		{43E5F902-CED4-48AA-B795-362E3C0C06A4}.Release|Any CPU.ActiveCfg = Release|Any CPU
		{43E5F902-CED4-48AA-B795-362E3C0C06A4}.Release|Any CPU.Build.0 = Release|Any CPU
	EndGlobalSection
	GlobalSection(SolutionProperties) = preSolution
		HideSolutionNode = FALSE
	EndGlobalSection
EndGlobal
